
Microsoft Visual Studio Solution File, Format Version 12.00
# Visual Studio Version 16
VisualStudioVersion = 16.0.29503.13
MinimumVisualStudioVersion = 10.0.40219.1
Project("{FAE04EC0-301F-11D3-BF4B-00C04F79EFBC}") = "OOP_start_VS2010", "OOP_start_VS2010\OOP_start_VS2010.csproj", "{A2516E00-684D-4BEE-B636-2DFD93318F22}"
EndProject
Project("{FAE04EC0-301F-11D3-BF4B-00C04F79EFBC}") = "ClassLibrary", "ClassLibrary\ClassLibrary.csproj", "{A53B6F10-EDA7-45EB-9960-BC0C26BFE4DB}"
EndProject
Global
	GlobalSection(SolutionConfigurationPlatforms) = preSolution
		Debug|Any CPU = Debug|Any CPU
		Debug|Mixed Platforms = Debug|Mixed Platforms
		Debug|x86 = Debug|x86
		Release|Any CPU = Release|Any CPU
		Release|Mixed Platforms = Release|Mixed Platforms
		Release|x86 = Release|x86
	EndGlobalSection
	GlobalSection(ProjectConfigurationPlatforms) = postSolution
		{A2516E00-684D-4BEE-B636-2DFD93318F22}.Debug|Any CPU.ActiveCfg = Debug|x86
		{A2516E00-684D-4BEE-B636-2DFD93318F22}.Debug|Mixed Platforms.ActiveCfg = Debug|x86
		{A2516E00-684D-4BEE-B636-2DFD93318F22}.Debug|Mixed Platforms.Build.0 = Debug|x86
		{A2516E00-684D-4BEE-B636-2DFD93318F22}.Debug|x86.ActiveCfg = Debug|x86
		{A2516E00-684D-4BEE-B636-2DFD93318F22}.Debug|x86.Build.0 = Debug|x86
		{A2516E00-684D-4BEE-B636-2DFD93318F22}.Release|Any CPU.ActiveCfg = Release|x86
		{A2516E00-684D-4BEE-B636-2DFD93318F22}.Release|Mixed Platforms.ActiveCfg = Release|x86
		{A2516E00-684D-4BEE-B636-2DFD93318F22}.Release|Mixed Platforms.Build.0 = Release|x86
		{A2516E00-684D-4BEE-B636-2DFD93318F22}.Release|x86.ActiveCfg = Release|x86
		{A2516E00-684D-4BEE-B636-2DFD93318F22}.Release|x86.Build.0 = Release|x86
		{A53B6F10-EDA7-45EB-9960-BC0C26BFE4DB}.Debug|Any CPU.ActiveCfg = Debug|Any CPU
		{A53B6F10-EDA7-45EB-9960-BC0C26BFE4DB}.Debug|Any CPU.Build.0 = Debug|Any CPU
		{A53B6F10-EDA7-45EB-9960-BC0C26BFE4DB}.Debug|Mixed Platforms.ActiveCfg = Debug|Any CPU
		{A53B6F10-EDA7-45EB-9960-BC0C26BFE4DB}.Debug|Mixed Platforms.Build.0 = Debug|Any CPU
		{A53B6F10-EDA7-45EB-9960-BC0C26BFE4DB}.Debug|x86.ActiveCfg = Debug|Any CPU
		{A53B6F10-EDA7-45EB-9960-BC0C26BFE4DB}.Release|Any CPU.ActiveCfg = Release|Any CPU
		{A53B6F10-EDA7-45EB-9960-BC0C26BFE4DB}.Release|Any CPU.Build.0 = Release|Any CPU
		{A53B6F10-EDA7-45EB-9960-BC0C26BFE4DB}.Release|Mixed Platforms.ActiveCfg = Release|Any CPU
		{A53B6F10-EDA7-45EB-9960-BC0C26BFE4DB}.Release|Mixed Platforms.Build.0 = Release|Any CPU
		{A53B6F10-EDA7-45EB-9960-BC0C26BFE4DB}.Release|x86.ActiveCfg = Release|Any CPU
	EndGlobalSection
	GlobalSection(SolutionProperties) = preSolution
		HideSolutionNode = FALSE
	EndGlobalSection
	GlobalSection(ExtensibilityGlobals) = postSolution
		SolutionGuid = {FDAD04FC-4920-4D62-AC05-A38C6E95AA1E}
	EndGlobalSection
EndGlobal
